
Microsoft Visual Studio Solution File, Format Version 12.00
# Visual Studio 15
Project("{FAE04EC0-301F-11D3-BF4B-00C04F79EFBC}") = "Assembly-CSharp", "Assembly-CSharp.csproj", "{00926DAA-0232-B30C-B6DA-A2C4544A0269}"
EndProject
Project("{FAE04EC0-301F-11D3-BF4B-00C04F79EFBC}") = "Assembly-CSharp-Editor", "Assembly-CSharp-Editor.csproj", "{FCD9A47A-09BA-2D27-FF81-D7103D4ED35D}"
EndProject
Global
	GlobalSection(SolutionConfigurationPlatforms) = preSolution
		Debug|Any CPU = Debug|Any CPU
		Release|Any CPU = Release|Any CPU
	EndGlobalSection
	GlobalSection(ProjectConfigurationPlatforms) = postSolution
		{00926DAA-0232-B30C-B6DA-A2C4544A0269}.Debug|Any CPU.ActiveCfg = Debug|Any CPU
		{00926DAA-0232-B30C-B6DA-A2C4544A0269}.Debug|Any CPU.Build.0 = Debug|Any CPU
		{00926DAA-0232-B30C-B6DA-A2C4544A0269}.Release|Any CPU.ActiveCfg = Release|Any CPU
		{00926DAA-0232-B30C-B6DA-A2C4544A0269}.Release|Any CPU.Build.0 = Release|Any CPU
		{FCD9A47A-09BA-2D27-FF81-D7103D4ED35D}.Debug|Any CPU.ActiveCfg = Debug|Any CPU
		{FCD9A47A-09BA-2D27-FF81-D7103D4ED35D}.Debug|Any CPU.Build.0 = Debug|Any CPU
		{FCD9A47A-09BA-2D27-FF81-D7103D4ED35D}.Release|Any CPU.ActiveCfg = Release|Any CPU
		{FCD9A47A-09BA-2D27-FF81-D7103D4ED35D}.Release|Any CPU.Build.0 = Release|Any CPU
	EndGlobalSection
	GlobalSection(SolutionProperties) = preSolution
		HideSolutionNode = FALSE
	EndGlobalSection
EndGlobal
